// !$*UTF8*$!
{
	archiveVersion = 1;
	classes = {
	};
	objectVersion = 77;
	objects = {

/* Begin PBXBuildFile section */
		0C158486D3746BA752E09470 /* RapidLogApp.swift in Sources */ = {isa = PBXBuildFile; fileRef = AF3517BC4DC514C8F17D2A2F /* RapidLogApp.swift */; };
		A0ADA2E9B05A4F9968801B58 /* Assets.xcassets in Resources */ = {isa = PBXBuildFile; fileRef = C4B0E9338E3BE3D2ABF2414D /* Assets.xcassets */; };
		CF1203B89097105AF5F27B1F /* MenuBarPopover.swift in Sources */ = {isa = PBXBuildFile; fileRef = B7DB37FC8B11E2E6E0DE4D5B /* MenuBarPopover.swift */; };
		D5DE1F90ECFF5F3C166E5654 /* MenuBarViewModel.swift in Sources */ = {isa = PBXBuildFile; fileRef = 1175AA9C81E2AC594205900C /* MenuBarViewModel.swift */; };
		F114A164E0B726F1AE2997FC /* ContentView.swift in Sources */ = {isa = PBXBuildFile; fileRef = EC57ED4F18836FA101685149 /* ContentView.swift */; };
/* End PBXBuildFile section */

/* Begin PBXFileReference section */
		1175AA9C81E2AC594205900C /* MenuBarViewModel.swift */ = {isa = PBXFileReference; lastKnownFileType = sourcecode.swift; path = MenuBarViewModel.swift; sourceTree = "<group>"; };
		327D7B487859E28EFC85BB1E /* RapidLog.app */ = {isa = PBXFileReference; explicitFileType = wrapper.application; includeInIndex = 0; path = RapidLog.app; sourceTree = BUILT_PRODUCTS_DIR; };
		768193A15FC5515887706A3F /* RapidLog.entitlements */ = {isa = PBXFileReference; lastKnownFileType = text.plist.entitlements; path = RapidLog.entitlements; sourceTree = "<group>"; };
		AF3517BC4DC514C8F17D2A2F /* RapidLogApp.swift */ = {isa = PBXFileReference; lastKnownFileType = sourcecode.swift; path = RapidLogApp.swift; sourceTree = "<group>"; };
		B7DB37FC8B11E2E6E0DE4D5B /* MenuBarPopover.swift */ = {isa = PBXFileReference; lastKnownFileType = sourcecode.swift; path = MenuBarPopover.swift; sourceTree = "<group>"; };
		C4B0E9338E3BE3D2ABF2414D /* Assets.xcassets */ = {isa = PBXFileReference; lastKnownFileType = folder.assetcatalog; path = Assets.xcassets; sourceTree = "<group>"; };
		EC57ED4F18836FA101685149 /* ContentView.swift */ = {isa = PBXFileReference; lastKnownFileType = sourcecode.swift; path = ContentView.swift; sourceTree = "<group>"; };
/* End PBXFileReference section */

/* Begin PBXGroup section */
		2FBD67AFE2BDCB7352D905C4 /* Products */ = {
			isa = PBXGroup;
			children = (
				327D7B487859E28EFC85BB1E /* RapidLog.app */,
			);
			name = Products;
			sourceTree = "<group>";
		};
		AA6E6EBF312C76EA19EB7193 = {
			isa = PBXGroup;
			children = (
				E9B3344D9A15244B78758AEA /* RapidLog */,
				2FBD67AFE2BDCB7352D905C4 /* Products */,
			);
			sourceTree = "<group>";
		};
		E9B3344D9A15244B78758AEA /* RapidLog */ = {
			isa = PBXGroup;
			children = (
				C4B0E9338E3BE3D2ABF2414D /* Assets.xcassets */,
				EC57ED4F18836FA101685149 /* ContentView.swift */,
				B7DB37FC8B11E2E6E0DE4D5B /* MenuBarPopover.swift */,
				1175AA9C81E2AC594205900C /* MenuBarViewModel.swift */,
				768193A15FC5515887706A3F /* RapidLog.entitlements */,
				AF3517BC4DC514C8F17D2A2F /* RapidLogApp.swift */,
			);
			path = RapidLog;
			sourceTree = "<group>";
		};
/* End PBXGroup section */

/* Begin PBXNativeTarget section */
		C8C0D5349969AA96D2C27823 /* RapidLog */ = {
			isa = PBXNativeTarget;
			buildConfigurationList = 17BD25FC1527ECBB854A878E /* Build configuration list for PBXNativeTarget "RapidLog" */;
			buildPhases = (
				FE8C102C363B874B24077FBA /* Sources */,
				179D0035B737094288BB7B9E /* Resources */,
			);
			buildRules = (
			);
			dependencies = (
			);
			name = RapidLog;
			packageProductDependencies = (
			);
			productName = RapidLog;
			productReference = 327D7B487859E28EFC85BB1E /* RapidLog.app */;
			productType = "com.apple.product-type.application";
		};
/* End PBXNativeTarget section */

/* Begin PBXProject section */
		6A69A5442D6BD4172016E87B /* Project object */ = {
			isa = PBXProject;
			attributes = {
				BuildIndependentTargetsInParallel = YES;
				LastUpgradeCheck = 1430;
				TargetAttributes = {
					C8C0D5349969AA96D2C27823 = {
						ProvisioningStyle = Automatic;
					};
				};
			};
			buildConfigurationList = F2E0599FC31B14C6A75CD875 /* Build configuration list for PBXProject "RapidLog" */;
			developmentRegion = en;
			hasScannedForEncodings = 0;
			knownRegions = (
				Base,
				en,
			);
			mainGroup = AA6E6EBF312C76EA19EB7193;
			minimizedProjectReferenceProxies = 1;
			preferredProjectObjectVersion = 77;
			productRefGroup = 2FBD67AFE2BDCB7352D905C4 /* Products */;
			projectDirPath = "";
			projectRoot = "";
			targets = (
				C8C0D5349969AA96D2C27823 /* RapidLog */,
			);
		};
/* End PBXProject section */

/* Begin PBXResourcesBuildPhase section */
		179D0035B737094288BB7B9E /* Resources */ = {
			isa = PBXResourcesBuildPhase;
			buildActionMask = 2147483647;
			files = (
				A0ADA2E9B05A4F9968801B58 /* Assets.xcassets in Resources */,
			);
			runOnlyForDeploymentPostprocessing = 0;
		};
/* End PBXResourcesBuildPhase section */

/* Begin PBXSourcesBuildPhase section */
		FE8C102C363B874B24077FBA /* Sources */ = {
			isa = PBXSourcesBuildPhase;
			buildActionMask = 2147483647;
			files = (
				F114A164E0B726F1AE2997FC /* ContentView.swift in Sources */,
				CF1203B89097105AF5F27B1F /* MenuBarPopover.swift in Sources */,
				D5DE1F90ECFF5F3C166E5654 /* MenuBarViewModel.swift in Sources */,
				0C158486D3746BA752E09470 /* RapidLogApp.swift in Sources */,
			);
			runOnlyForDeploymentPostprocessing = 0;
		};
/* End PBXSourcesBuildPhase section */

/* Begin XCBuildConfiguration section */
		0728E5B2DAF9C539AC2CF599 /* Debug */ = {
			isa = XCBuildConfiguration;
			buildSettings = {
				ASSETCATALOG_COMPILER_APPICON_NAME = AppIcon;
				CODE_SIGN_ENTITLEMENTS = RapidLog/RapidLog.entitlements;
				COMBINE_HIDPI_IMAGES = YES;
				CURRENT_PROJECT_VERSION = 1;
				GENERATE_INFOPLIST_FILE = YES;
				INFOPLIST_KEY_CFBundleDisplayName = "Rapid Log";
				INFOPLIST_KEY_LSApplicationCategoryType = "public.app-category.productivity";
				INFOPLIST_KEY_LSMultipleInstancesProhibited = YES;
				INFOPLIST_KEY_NSMainStoryboardFile = "";
				LD_RUNPATH_SEARCH_PATHS = (
					"$(inherited)",
					"@executable_path/../Frameworks",
				);
				MARKETING_VERSION = 1.0;
				PRODUCT_BUNDLE_IDENTIFIER = com.limky.rapidlog;
				SDKROOT = macosx;
			};
			name = Debug;
		};
		39803B0B5512B6A88BF1B446 /* Release */ = {
			isa = XCBuildConfiguration;
			buildSettings = {
				ALWAYS_SEARCH_USER_PATHS = NO;
				CLANG_ANALYZER_NONNULL = YES;
				CLANG_ANALYZER_NUMBER_OBJECT_CONVERSION = YES_AGGRESSIVE;
				CLANG_CXX_LANGUAGE_STANDARD = "gnu++14";
				CLANG_CXX_LIBRARY = "libc++";
				CLANG_ENABLE_MODULES = YES;
				CLANG_ENABLE_OBJC_ARC = YES;
				CLANG_ENABLE_OBJC_WEAK = YES;
				CLANG_WARN_BLOCK_CAPTURE_AUTORELEASING = YES;
				CLANG_WARN_BOOL_CONVERSION = YES;
				CLANG_WARN_COMMA = YES;
				CLANG_WARN_CONSTANT_CONVERSION = YES;
				CLANG_WARN_DEPRECATED_OBJC_IMPLEMENTATIONS = YES;
				CLANG_WARN_DIRECT_OBJC_ISA_USAGE = YES_ERROR;
				CLANG_WARN_DOCUMENTATION_COMMENTS = YES;
				CLANG_WARN_EMPTY_BODY = YES;
				CLANG_WARN_ENUM_CONVERSION = YES;
				CLANG_WARN_INFINITE_RECURSION = YES;
				CLANG_WARN_INT_CONVERSION = YES;
				CLANG_WARN_NON_LITERAL_NULL_CONVERSION = YES;
				CLANG_WARN_OBJC_IMPLICIT_RETAIN_SELF = YES;
				CLANG_WARN_OBJC_LITERAL_CONVERSION = YES;
				CLANG_WARN_OBJC_ROOT_CLASS = YES_ERROR;
				CLANG_WARN_QUOTED_INCLUDE_IN_FRAMEWORK_HEADER = YES;
				CLANG_WARN_RANGE_LOOP_ANALYSIS = YES;
				CLANG_WARN_STRICT_PROTOTYPES = YES;
				CLANG_WARN_SUSPICIOUS_MOVE = YES;
				CLANG_WARN_UNGUARDED_AVAILABILITY = YES_AGGRESSIVE;
				CLANG_WARN_UNREACHABLE_CODE = YES;
				CLANG_WARN__DUPLICATE_METHOD_MATCH = YES;
				CODE_SIGN_STYLE = Automatic;
				COPY_PHASE_STRIP = NO;
				DEBUG_INFORMATION_FORMAT = "dwarf-with-dsym";
				ENABLE_NS_ASSERTIONS = NO;
				ENABLE_STRICT_OBJC_MSGSEND = YES;
				GCC_C_LANGUAGE_STANDARD = gnu11;
				GCC_NO_COMMON_BLOCKS = YES;
				GCC_WARN_64_TO_32_BIT_CONVERSION = YES;
				GCC_WARN_ABOUT_RETURN_TYPE = YES_ERROR;
				GCC_WARN_UNDECLARED_SELECTOR = YES;
				GCC_WARN_UNINITIALIZED_AUTOS = YES_AGGRESSIVE;
				GCC_WARN_UNUSED_FUNCTION = YES;
				GCC_WARN_UNUSED_VARIABLE = YES;
				MACOSX_DEPLOYMENT_TARGET = 14.0;
				MTL_ENABLE_DEBUG_INFO = NO;
				MTL_FAST_MATH = YES;
				PRODUCT_NAME = "$(TARGET_NAME)";
				SDKROOT = macosx;
				SWIFT_COMPILATION_MODE = wholemodule;
				SWIFT_OPTIMIZATION_LEVEL = "-O";
				SWIFT_VERSION = 5.0;
			};
			name = Release;
		};
		88A24EAFEA3654DD30242F0E /* Debug */ = {
			isa = XCBuildConfiguration;
			buildSettings = {
				ALWAYS_SEARCH_USER_PATHS = NO;
				CLANG_ANALYZER_NONNULL = YES;
				CLANG_ANALYZER_NUMBER_OBJECT_CONVERSION = YES_AGGRESSIVE;
				CLANG_CXX_LANGUAGE_STANDARD = "gnu++14";
				CLANG_CXX_LIBRARY = "libc++";
				CLANG_ENABLE_MODULES = YES;
				CLANG_ENABLE_OBJC_ARC = YES;
				CLANG_ENABLE_OBJC_WEAK = YES;
				CLANG_WARN_BLOCK_CAPTURE_AUTORELEASING = YES;
				CLANG_WARN_BOOL_CONVERSION = YES;
				CLANG_WARN_COMMA = YES;
				CLANG_WARN_CONSTANT_CONVERSION = YES;
				CLANG_WARN_DEPRECATED_OBJC_IMPLEMENTATIONS = YES;
				CLANG_WARN_DIRECT_OBJC_ISA_USAGE = YES_ERROR;
				CLANG_WARN_DOCUMENTATION_COMMENTS = YES;
				CLANG_WARN_EMPTY_BODY = YES;
				CLANG_WARN_ENUM_CONVERSION = YES;
				CLANG_WARN_INFINITE_RECURSION = YES;
				CLANG_WARN_INT_CONVERSION = YES;
				CLANG_WARN_NON_LITERAL_NULL_CONVERSION = YES;
				CLANG_WARN_OBJC_IMPLICIT_RETAIN_SELF = YES;
				CLANG_WARN_OBJC_LITERAL_CONVERSION = YES;
				CLANG_WARN_OBJC_ROOT_CLASS = YES_ERROR;
				CLANG_WARN_QUOTED_INCLUDE_IN_FRAMEWORK_HEADER = YES;
				CLANG_WARN_RANGE_LOOP_ANALYSIS = YES;
				CLANG_WARN_STRICT_PROTOTYPES = YES;
				CLANG_WARN_SUSPICIOUS_MOVE = YES;
				CLANG_WARN_UNGUARDED_AVAILABILITY = YES_AGGRESSIVE;
				CLANG_WARN_UNREACHABLE_CODE = YES;
				CLANG_WARN__DUPLICATE_METHOD_MATCH = YES;
				CODE_SIGN_STYLE = Automatic;
				COPY_PHASE_STRIP = NO;
				DEBUG_INFORMATION_FORMAT = dwarf;
				ENABLE_STRICT_OBJC_MSGSEND = YES;
				ENABLE_TESTABILITY = YES;
				GCC_C_LANGUAGE_STANDARD = gnu11;
				GCC_DYNAMIC_NO_PIC = NO;
				GCC_NO_COMMON_BLOCKS = YES;
				GCC_OPTIMIZATION_LEVEL = 0;
				GCC_PREPROCESSOR_DEFINITIONS = (
					"$(inherited)",
					"DEBUG=1",
				);
				GCC_WARN_64_TO_32_BIT_CONVERSION = YES;
				GCC_WARN_ABOUT_RETURN_TYPE = YES_ERROR;
				GCC_WARN_UNDECLARED_SELECTOR = YES;
				GCC_WARN_UNINITIALIZED_AUTOS = YES_AGGRESSIVE;
				GCC_WARN_UNUSED_FUNCTION = YES;
				GCC_WARN_UNUSED_VARIABLE = YES;
				MACOSX_DEPLOYMENT_TARGET = 14.0;
				MTL_ENABLE_DEBUG_INFO = INCLUDE_SOURCE;
				MTL_FAST_MATH = YES;
				ONLY_ACTIVE_ARCH = YES;
				PRODUCT_NAME = "$(TARGET_NAME)";
				SDKROOT = macosx;
				SWIFT_ACTIVE_COMPILATION_CONDITIONS = DEBUG;
				SWIFT_OPTIMIZATION_LEVEL = "-Onone";
				SWIFT_VERSION = 5.0;
			};
			name = Debug;
		};
		B5198722262837A858CB49F6 /* Release */ = {
			isa = XCBuildConfiguration;
			buildSettings = {
				ASSETCATALOG_COMPILER_APPICON_NAME = AppIcon;
				CODE_SIGN_ENTITLEMENTS = RapidLog/RapidLog.entitlements;
				COMBINE_HIDPI_IMAGES = YES;
				CURRENT_PROJECT_VERSION = 1;
				GENERATE_INFOPLIST_FILE = YES;
				INFOPLIST_KEY_CFBundleDisplayName = "Rapid Log";
				INFOPLIST_KEY_LSApplicationCategoryType = "public.app-category.productivity";
				INFOPLIST_KEY_LSMultipleInstancesProhibited = YES;
				INFOPLIST_KEY_NSMainStoryboardFile = "";
				LD_RUNPATH_SEARCH_PATHS = (
					"$(inherited)",
					"@executable_path/../Frameworks",
				);
				MARKETING_VERSION = 1.0;
				PRODUCT_BUNDLE_IDENTIFIER = com.limky.rapidlog;
				SDKROOT = macosx;
			};
			name = Release;
		};
/* End XCBuildConfiguration section */

/* Begin XCConfigurationList section */
		17BD25FC1527ECBB854A878E /* Build configuration list for PBXNativeTarget "RapidLog" */ = {
			isa = XCConfigurationList;
			buildConfigurations = (
				0728E5B2DAF9C539AC2CF599 /* Debug */,
				B5198722262837A858CB49F6 /* Release */,
			);
			defaultConfigurationIsVisible = 0;
			defaultConfigurationName = Debug;
		};
		F2E0599FC31B14C6A75CD875 /* Build configuration list for PBXProject "RapidLog" */ = {
			isa = XCConfigurationList;
			buildConfigurations = (
				88A24EAFEA3654DD30242F0E /* Debug */,
				39803B0B5512B6A88BF1B446 /* Release */,
			);
			defaultConfigurationIsVisible = 0;
			defaultConfigurationName = Debug;
		};
/* End XCConfigurationList section */
	};
	rootObject = 6A69A5442D6BD4172016E87B /* Project object */;
}
